
Microsoft Visual Studio Solution File, Format Version 12.00
# Visual Studio 15
VisualStudioVersion = 15.0.28010.2026
MinimumVisualStudioVersion = 10.0.40219.1
Project("{FAE04EC0-301F-11D3-BF4B-00C04F79EFBC}") = "Figuritas", "Figuritas\Figuritas.csproj", "{2D81846F-5D01-4D9D-9E0E-3765D065373F}"
EndProject
Global
	GlobalSection(SolutionConfigurationPlatforms) = preSolution
		Debug|Any CPU = Debug|Any CPU
		Release|Any CPU = Release|Any CPU
	EndGlobalSection
	GlobalSection(ProjectConfigurationPlatforms) = postSolution
		{2D81846F-5D01-4D9D-9E0E-3765D065373F}.Debug|Any CPU.ActiveCfg = Debug|Any CPU
		{2D81846F-5D01-4D9D-9E0E-3765D065373F}.Debug|Any CPU.Build.0 = Debug|Any CPU
		{2D81846F-5D01-4D9D-9E0E-3765D065373F}.Release|Any CPU.ActiveCfg = Release|Any CPU
		{2D81846F-5D01-4D9D-9E0E-3765D065373F}.Release|Any CPU.Build.0 = Release|Any CPU
	EndGlobalSection
	GlobalSection(SolutionProperties) = preSolution
		HideSolutionNode = FALSE
	EndGlobalSection
	GlobalSection(ExtensibilityGlobals) = postSolution
		SolutionGuid = {79B4F325-632E-4F2F-9890-A5BA961B9482}
	EndGlobalSection
EndGlobal
