
Microsoft Visual Studio Solution File, Format Version 12.00
# Visual Studio 15
VisualStudioVersion = 15.0.28010.2026
MinimumVisualStudioVersion = 10.0.40219.1
Project("{FAE04EC0-301F-11D3-BF4B-00C04F79EFBC}") = "Figuritas", "Figuritas\Figuritas.csproj", "{F63DBFDF-8793-468A-8953-91F6A6FD514B}"
EndProject
Global
	GlobalSection(SolutionConfigurationPlatforms) = preSolution
		Debug|Any CPU = Debug|Any CPU
		Release|Any CPU = Release|Any CPU
	EndGlobalSection
	GlobalSection(ProjectConfigurationPlatforms) = postSolution
		{F63DBFDF-8793-468A-8953-91F6A6FD514B}.Debug|Any CPU.ActiveCfg = Debug|Any CPU
		{F63DBFDF-8793-468A-8953-91F6A6FD514B}.Debug|Any CPU.Build.0 = Debug|Any CPU
		{F63DBFDF-8793-468A-8953-91F6A6FD514B}.Release|Any CPU.ActiveCfg = Release|Any CPU
		{F63DBFDF-8793-468A-8953-91F6A6FD514B}.Release|Any CPU.Build.0 = Release|Any CPU
	EndGlobalSection
	GlobalSection(SolutionProperties) = preSolution
		HideSolutionNode = FALSE
	EndGlobalSection
	GlobalSection(ExtensibilityGlobals) = postSolution
		SolutionGuid = {8EAC2102-8DFC-4C59-857B-72DA29DC31E6}
	EndGlobalSection
EndGlobal
